
Microsoft Visual Studio Solution File, Format Version 12.00
# Visual Studio Version 17
VisualStudioVersion = 17.7.34031.279
MinimumVisualStudioVersion = 10.0.40219.1
Project("{8BC9CEB8-8B4A-11D0-8D11-00A0C91BC942}") = "tgbot", "tgbot.vcxproj", "{B2B0E1BE-2177-476A-9CE6-2FD5201908F0}"
EndProject
Global
	GlobalSection(SolutionConfigurationPlatforms) = preSolution
		Debug|x64 = Debug|x64
		Debug|x86 = Debug|x86
		Release|x64 = Release|x64
		Release|x86 = Release|x86
	EndGlobalSection
	GlobalSection(ProjectConfigurationPlatforms) = postSolution
		{B2B0E1BE-2177-476A-9CE6-2FD5201908F0}.Debug|x64.ActiveCfg = Debug|x64
		{B2B0E1BE-2177-476A-9CE6-2FD5201908F0}.Debug|x64.Build.0 = Debug|x64
		{B2B0E1BE-2177-476A-9CE6-2FD5201908F0}.Debug|x86.ActiveCfg = Debug|Win32
		{B2B0E1BE-2177-476A-9CE6-2FD5201908F0}.Debug|x86.Build.0 = Debug|Win32
		{B2B0E1BE-2177-476A-9CE6-2FD5201908F0}.Release|x64.ActiveCfg = Release|x64
		{B2B0E1BE-2177-476A-9CE6-2FD5201908F0}.Release|x64.Build.0 = Release|x64
		{B2B0E1BE-2177-476A-9CE6-2FD5201908F0}.Release|x86.ActiveCfg = Release|Win32
		{B2B0E1BE-2177-476A-9CE6-2FD5201908F0}.Release|x86.Build.0 = Release|Win32
	EndGlobalSection
	GlobalSection(SolutionProperties) = preSolution
		HideSolutionNode = FALSE
	EndGlobalSection
	GlobalSection(ExtensibilityGlobals) = postSolution
		SolutionGuid = {1F63E30D-03A1-4450-BD5F-040203FD1A42}
	EndGlobalSection
EndGlobal
